
Microsoft Visual Studio Solution File, Format Version 12.00
# Visual Studio 15
VisualStudioVersion = 15.0.27130.0
MinimumVisualStudioVersion = 10.0.40219.1
Project("{FAE04EC0-301F-11D3-BF4B-00C04F79EFBC}") = "SSO-API", "SSOApi\SSO-API.csproj", "{D3FC08CD-B8C1-4E83-855E-7DF60D0E2F46}"
EndProject
Project("{FAE04EC0-301F-11D3-BF4B-00C04F79EFBC}") = "DAL", "DAL\DAL.csproj", "{DFFD538A-E3A5-4018-AEAE-FB10672B4961}"
EndProject
Project("{FAE04EC0-301F-11D3-BF4B-00C04F79EFBC}") = "DTO", "DTO\DTO.csproj", "{FA54460E-E1E0-475D-9E0C-91451963A4B6}"
EndProject
Project("{FAE04EC0-301F-11D3-BF4B-00C04F79EFBC}") = "BO", "BO\BO.csproj", "{0888FEFD-D765-4C37-B5DE-DD79C9E973D6}"
EndProject
Project("{FAE04EC0-301F-11D3-BF4B-00C04F79EFBC}") = "FunctionallyLibrary", "FunctionallyLibrary\FunctionallyLibrary.csproj", "{DD2709D4-DD83-4657-BD8F-91A7D6BB8BC6}"
EndProject
Global
	GlobalSection(SolutionConfigurationPlatforms) = preSolution
		Debug|Any CPU = Debug|Any CPU
		Release|Any CPU = Release|Any CPU
	EndGlobalSection
	GlobalSection(ProjectConfigurationPlatforms) = postSolution
		{D3FC08CD-B8C1-4E83-855E-7DF60D0E2F46}.Debug|Any CPU.ActiveCfg = Debug|Any CPU
		{D3FC08CD-B8C1-4E83-855E-7DF60D0E2F46}.Debug|Any CPU.Build.0 = Debug|Any CPU
		{D3FC08CD-B8C1-4E83-855E-7DF60D0E2F46}.Release|Any CPU.ActiveCfg = Release|Any CPU
		{D3FC08CD-B8C1-4E83-855E-7DF60D0E2F46}.Release|Any CPU.Build.0 = Release|Any CPU
		{DFFD538A-E3A5-4018-AEAE-FB10672B4961}.Debug|Any CPU.ActiveCfg = Debug|Any CPU
		{DFFD538A-E3A5-4018-AEAE-FB10672B4961}.Debug|Any CPU.Build.0 = Debug|Any CPU
		{DFFD538A-E3A5-4018-AEAE-FB10672B4961}.Release|Any CPU.ActiveCfg = Release|Any CPU
		{DFFD538A-E3A5-4018-AEAE-FB10672B4961}.Release|Any CPU.Build.0 = Release|Any CPU
		{FA54460E-E1E0-475D-9E0C-91451963A4B6}.Debug|Any CPU.ActiveCfg = Debug|Any CPU
		{FA54460E-E1E0-475D-9E0C-91451963A4B6}.Debug|Any CPU.Build.0 = Debug|Any CPU
		{FA54460E-E1E0-475D-9E0C-91451963A4B6}.Release|Any CPU.ActiveCfg = Release|Any CPU
		{FA54460E-E1E0-475D-9E0C-91451963A4B6}.Release|Any CPU.Build.0 = Release|Any CPU
		{0888FEFD-D765-4C37-B5DE-DD79C9E973D6}.Debug|Any CPU.ActiveCfg = Debug|Any CPU
		{0888FEFD-D765-4C37-B5DE-DD79C9E973D6}.Debug|Any CPU.Build.0 = Debug|Any CPU
		{0888FEFD-D765-4C37-B5DE-DD79C9E973D6}.Release|Any CPU.ActiveCfg = Release|Any CPU
		{0888FEFD-D765-4C37-B5DE-DD79C9E973D6}.Release|Any CPU.Build.0 = Release|Any CPU
		{DD2709D4-DD83-4657-BD8F-91A7D6BB8BC6}.Debug|Any CPU.ActiveCfg = Debug|Any CPU
		{DD2709D4-DD83-4657-BD8F-91A7D6BB8BC6}.Debug|Any CPU.Build.0 = Debug|Any CPU
		{DD2709D4-DD83-4657-BD8F-91A7D6BB8BC6}.Release|Any CPU.ActiveCfg = Release|Any CPU
		{DD2709D4-DD83-4657-BD8F-91A7D6BB8BC6}.Release|Any CPU.Build.0 = Release|Any CPU
	EndGlobalSection
	GlobalSection(SolutionProperties) = preSolution
		HideSolutionNode = FALSE
	EndGlobalSection
	GlobalSection(ExtensibilityGlobals) = postSolution
		SolutionGuid = {90FD3C7B-4B7F-4E4A-96DB-E99C867598BD}
	EndGlobalSection
EndGlobal
